<?xml version="1.0" encoding="utf-8"?>
<Project ToolsVersion="4.0" xmlns="http://schemas.microsoft.com/developer/msbuild/2003">
  <ItemGroup>
    <Filter Include="Source Files">
      <UniqueIdentifier>{4FC737F1-C7A5-4376-A066-2A32D752A2FF}</UniqueIdentifier>
      <Extensions>cpp;c;cc;cxx;c++;cppm;ixx;def;odl;idl;hpj;bat;asm;asmx</Extensions>
    </Filter>
    <Filter Include="Header Files">
      <UniqueIdentifier>{93995380-89BD-4b04-88EB-625FBE52EBFB}</UniqueIdentifier>
      <Extensions>h;hh;hpp;hxx;h++;hm;inl;inc;ipp;xsd</Extensions>
    </Filter>
    <Filter Include="Resource Files">
      <UniqueIdentifier>{67DA6AB6-F800-4c08-8B7A-83BB121AAD01}</UniqueIdentifier>
      <Extensions>rc;ico;cur;bmp;dlg;rc2;rct;bin;rgs;gif;jpg;jpeg;jpe;resx;tiff;tif;png;wav;mfcribbon-ms</Extensions>
    </Filter>
    <Filter Include="Source Files\tests">
      <UniqueIdentifier>{999fad54-e97f-4f91-bd78-cd4143143bf3}</UniqueIdentifier>
    </Filter>
    <Filter Include="Source Files\other">
      <UniqueIdentifier>{00b33dcd-d6e9-4866-af9b-4d2a416f6bb7}</UniqueIdentifier>
    </Filter>
    <Filter Include="Source Files\bitboard">
      <UniqueIdentifier>{a901e1c4-2f63-4931-b99d-36edb6629e54}</UniqueIdentifier>
    </Filter>
    <Filter Include="Header Files\bitboard">
      <UniqueIdentifier>{8dd9d1b2-6200-4972-932f-0489720aca16}</UniqueIdentifier>
    </Filter>
  </ItemGroup>
  <ItemGroup>
    <ClCompile Include="ChessTestV2.cpp">
      <Filter>Source Files\tests</Filter>
    </ClCompile>
    <ClCompile Include="pch.cpp">
      <Filter>Source Files\other</Filter>
    </ClCompile>
    <ClCompile Include="BitBoardTest.cpp">
      <Filter>Source Files\tests</Filter>
    </ClCompile>
    <ClCompile Include="..\ChessProjectV2\BitBoard.cpp">
      <Filter>Source Files\bitboard</Filter>
    </ClCompile>
    <ClCompile Include="..\ChessProjectV2\ChessBoard.cpp">
      <Filter>Source Files</Filter>
    </ClCompile>
    <ClCompile Include="ChessBoardUnitTests.cpp">
      <Filter>Source Files\tests</Filter>
    </ClCompile>
    <ClCompile Include="..\ChessProjectV2\ChessBoardTest.cpp">
      <Filter>Source Files</Filter>
    </ClCompile>
    <ClCompile Include="..\ChessProjectV2\DataAndTypes.cpp">
      <Filter>Source Files</Filter>
    </ClCompile>
    <ClCompile Include="DataAndTypesTest.cpp">
      <Filter>Source Files\tests</Filter>
    </ClCompile>
    <ClCompile Include="..\ChessProjectV2\ChessPiece.cpp">
      <Filter>Source Files</Filter>
    </ClCompile>
    <ClCompile Include="ChessPieceTest.cpp">
      <Filter>Source Files\tests</Filter>
    </ClCompile>
    <ClCompile Include="..\ChessProjectV2\HelpMethods.cpp">
      <Filter>Source Files</Filter>
    </ClCompile>
    <ClCompile Include="HelpMethodstest.cpp">
      <Filter>Source Files\tests</Filter>
    </ClCompile>
    <ClCompile Include="..\ChessProjectV2\Move.cpp">
      <Filter>Source Files</Filter>
    </ClCompile>
    <ClCompile Include="MoveTest.cpp">
      <Filter>Source Files\tests</Filter>
    </ClCompile>
    <ClCompile Include="MoveGenerationTests.cpp">
      <Filter>Source Files\tests</Filter>
    </ClCompile>
  </ItemGroup>
  <ItemGroup>
    <ClInclude Include="pch.h">
      <Filter>Header Files</Filter>
    </ClInclude>
    <ClInclude Include="..\ChessProjectV2\BitBoard.h">
      <Filter>Header Files\bitboard</Filter>
    </ClInclude>
    <ClInclude Include="..\ChessProjectV2\ChessBoard.h">
      <Filter>Header Files</Filter>
    </ClInclude>
    <ClInclude Include="..\ChessProjectV2\ChessBoardTest.h">
      <Filter>Header Files</Filter>
    </ClInclude>
    <ClInclude Include="..\ChessProjectV2\DataAndTypes.h">
      <Filter>Header Files</Filter>
    </ClInclude>
    <ClInclude Include="..\ChessProjectV2\ChessPiece.h">
      <Filter>Header Files</Filter>
    </ClInclude>
    <ClInclude Include="..\ChessProjectV2\HelpMethods.h">
      <Filter>Header Files</Filter>
    </ClInclude>
    <ClInclude Include="..\ChessProjectV2\Move.h">
      <Filter>Header Files</Filter>
    </ClInclude>
  </ItemGroup>
</Project>